
Microsoft Visual Studio Solution File, Format Version 12.00
# Visual Studio Version 17
VisualStudioVersion = 17.9.34723.18
MinimumVisualStudioVersion = 10.0.40219.1
Project("{9A19103F-16F7-4668-BE54-9A1E7A4F7556}") = "9_Palindrome.Number", "9_Palindrome.Number\9_Palindrome.Number.csproj", "{1F99D89A-32B3-47AD-B75B-EE2AA772BE38}"
EndProject
Project("{9A19103F-16F7-4668-BE54-9A1E7A4F7556}") = "6_Zigzag.Conversion", "6_Zigzag.Conversion\6_Zigzag.Conversion.csproj", "{B2F7B6B8-C0A0-4D86-B0BA-DF82F54DA0EE}"
EndProject
Project("{9A19103F-16F7-4668-BE54-9A1E7A4F7556}") = "11_Container.WithMostWater", "11_Container.WithMostWater\11_Container.WithMostWater.csproj", "{38101C30-3F5E-429C-8BBB-737B57279D74}"
EndProject
Project("{9A19103F-16F7-4668-BE54-9A1E7A4F7556}") = "5_LongestPalindromicString", "5_LongestPalindromicString\5_LongestPalindromicString.csproj", "{5AC9D6FA-4F80-46B7-AE74-5B3FEB6546C3}"
EndProject
Project("{9A19103F-16F7-4668-BE54-9A1E7A4F7556}") = "19_RemoveNthNode", "19_RemoveNthNode\19_RemoveNthNode.csproj", "{C07716B3-9E33-495C-8D94-189E1CE43D38}"
EndProject
Project("{FAE04EC0-301F-11D3-BF4B-00C04F79EFBC}") = "12_IntegerToRoman", "12_IntegerToRoman\12_IntegerToRoman.csproj", "{4395A00A-65DB-44B2-B145-F0C69867C042}"
EndProject
Global
	GlobalSection(SolutionConfigurationPlatforms) = preSolution
		Debug|Any CPU = Debug|Any CPU
		Release|Any CPU = Release|Any CPU
	EndGlobalSection
	GlobalSection(ProjectConfigurationPlatforms) = postSolution
		{1F99D89A-32B3-47AD-B75B-EE2AA772BE38}.Debug|Any CPU.ActiveCfg = Debug|Any CPU
		{1F99D89A-32B3-47AD-B75B-EE2AA772BE38}.Debug|Any CPU.Build.0 = Debug|Any CPU
		{1F99D89A-32B3-47AD-B75B-EE2AA772BE38}.Release|Any CPU.ActiveCfg = Release|Any CPU
		{1F99D89A-32B3-47AD-B75B-EE2AA772BE38}.Release|Any CPU.Build.0 = Release|Any CPU
		{B2F7B6B8-C0A0-4D86-B0BA-DF82F54DA0EE}.Debug|Any CPU.ActiveCfg = Debug|Any CPU
		{B2F7B6B8-C0A0-4D86-B0BA-DF82F54DA0EE}.Debug|Any CPU.Build.0 = Debug|Any CPU
		{B2F7B6B8-C0A0-4D86-B0BA-DF82F54DA0EE}.Release|Any CPU.ActiveCfg = Release|Any CPU
		{B2F7B6B8-C0A0-4D86-B0BA-DF82F54DA0EE}.Release|Any CPU.Build.0 = Release|Any CPU
		{38101C30-3F5E-429C-8BBB-737B57279D74}.Debug|Any CPU.ActiveCfg = Debug|Any CPU
		{38101C30-3F5E-429C-8BBB-737B57279D74}.Debug|Any CPU.Build.0 = Debug|Any CPU
		{38101C30-3F5E-429C-8BBB-737B57279D74}.Release|Any CPU.ActiveCfg = Release|Any CPU
		{38101C30-3F5E-429C-8BBB-737B57279D74}.Release|Any CPU.Build.0 = Release|Any CPU
		{5AC9D6FA-4F80-46B7-AE74-5B3FEB6546C3}.Debug|Any CPU.ActiveCfg = Debug|Any CPU
		{5AC9D6FA-4F80-46B7-AE74-5B3FEB6546C3}.Debug|Any CPU.Build.0 = Debug|Any CPU
		{5AC9D6FA-4F80-46B7-AE74-5B3FEB6546C3}.Release|Any CPU.ActiveCfg = Release|Any CPU
		{5AC9D6FA-4F80-46B7-AE74-5B3FEB6546C3}.Release|Any CPU.Build.0 = Release|Any CPU
		{C07716B3-9E33-495C-8D94-189E1CE43D38}.Debug|Any CPU.ActiveCfg = Debug|Any CPU
		{C07716B3-9E33-495C-8D94-189E1CE43D38}.Debug|Any CPU.Build.0 = Debug|Any CPU
		{C07716B3-9E33-495C-8D94-189E1CE43D38}.Release|Any CPU.ActiveCfg = Release|Any CPU
		{C07716B3-9E33-495C-8D94-189E1CE43D38}.Release|Any CPU.Build.0 = Release|Any CPU
		{4395A00A-65DB-44B2-B145-F0C69867C042}.Debug|Any CPU.ActiveCfg = Debug|Any CPU
		{4395A00A-65DB-44B2-B145-F0C69867C042}.Debug|Any CPU.Build.0 = Debug|Any CPU
		{4395A00A-65DB-44B2-B145-F0C69867C042}.Release|Any CPU.ActiveCfg = Release|Any CPU
		{4395A00A-65DB-44B2-B145-F0C69867C042}.Release|Any CPU.Build.0 = Release|Any CPU
	EndGlobalSection
	GlobalSection(SolutionProperties) = preSolution
		HideSolutionNode = FALSE
	EndGlobalSection
	GlobalSection(ExtensibilityGlobals) = postSolution
		SolutionGuid = {8E660B29-B98B-4F2D-AEDA-0A6FCCD8BC5F}
	EndGlobalSection
EndGlobal
